
Microsoft Visual Studio Solution File, Format Version 12.00
# Visual Studio Version 16
VisualStudioVersion = 16.0.30907.101
MinimumVisualStudioVersion = 10.0.40219.1
Project("{9A19103F-16F7-4668-BE54-9A1E7A4F7556}") = "Its2021", "Its2021\Its2021.csproj", "{11E41F5E-0B5A-46B3-BEA7-3D727AF64D05}"
EndProject
Project("{9A19103F-16F7-4668-BE54-9A1E7A4F7556}") = "Its2021.Test", "Its2021.Test\Its2021.Test.csproj", "{94C7CE0D-487C-4757-A1F3-708584357E8B}"
EndProject
Project("{2150E333-8FDC-42A3-9474-1A3956D46DE8}") = "Its2021.CardGame", "Its2021.CardGame", "{FFB420FA-EA46-4A99-959B-495D5A75C165}"
EndProject
Project("{9A19103F-16F7-4668-BE54-9A1E7A4F7556}") = "Its2021.CardGame.Library.Base", "Its2021.CardGame.Library.Base\Its2021.CardGame.Library.Base.csproj", "{C93C64B3-E034-44BB-9A29-014C81B8EADC}"
EndProject
Project("{9A19103F-16F7-4668-BE54-9A1E7A4F7556}") = "Its2021.CardGame.Library.Models", "Its2021.CardGame.Library.Models\Its2021.CardGame.Library.Models.csproj", "{05EE5336-1267-4312-B300-289261D6DA68}"
EndProject
Project("{9A19103F-16F7-4668-BE54-9A1E7A4F7556}") = "Its2021.CardGame.Library.Orchestrator", "Its2021.CardGame.Library.Orchestrator\Its2021.CardGame.Library.Orchestrator.csproj", "{1623D2FB-9F1B-4BEC-9847-924CD8B823E9}"
EndProject
Project("{9A19103F-16F7-4668-BE54-9A1E7A4F7556}") = "Its2021.CardGame.Test", "Its2021.CardGame.Test\Its2021.CardGame.Test.csproj", "{3DA4319E-07EE-4D30-BD00-423DC81A3454}"
EndProject
Project("{2150E333-8FDC-42A3-9474-1A3956D46DE8}") = "MCV.Easy.Project", "MCV.Easy.Project", "{4184516C-B7FA-4286-A667-4A6CD99AE8F8}"
EndProject
Project("{9A19103F-16F7-4668-BE54-9A1E7A4F7556}") = "ITS2021.Web.Api.First", "ITS2021.Web.Api.First\ITS2021.Web.Api.First.csproj", "{94BB3947-7FAB-4900-BD41-26021DDF1BA8}"
EndProject
Project("{9A19103F-16F7-4668-BE54-9A1E7A4F7556}") = "Its2021.CardGame.Web.Api", "Its2021.CardGame.Web.Api\Its2021.CardGame.Web.Api.csproj", "{22CD1F21-051D-4665-BEE4-39156A9CA9D8}"
EndProject
Project("{FAE04EC0-301F-11D3-BF4B-00C04F79EFBC}") = "ITS2021.DI.Test", "ITS2021.DI.Test\ITS2021.DI.Test.csproj", "{FD17D97A-FA52-4B54-8A12-7025C4B46C02}"
EndProject
Project("{FAE04EC0-301F-11D3-BF4B-00C04F79EFBC}") = "ITS2021.DI.Weather", "ITS2021.DI.Weather\ITS2021.DI.Weather.csproj", "{EE640455-31D4-4DAB-B22A-FD0198942821}"
EndProject
Global
	GlobalSection(SolutionConfigurationPlatforms) = preSolution
		Debug|Any CPU = Debug|Any CPU
		Release|Any CPU = Release|Any CPU
	EndGlobalSection
	GlobalSection(ProjectConfigurationPlatforms) = postSolution
		{11E41F5E-0B5A-46B3-BEA7-3D727AF64D05}.Debug|Any CPU.ActiveCfg = Debug|Any CPU
		{11E41F5E-0B5A-46B3-BEA7-3D727AF64D05}.Debug|Any CPU.Build.0 = Debug|Any CPU
		{11E41F5E-0B5A-46B3-BEA7-3D727AF64D05}.Release|Any CPU.ActiveCfg = Release|Any CPU
		{11E41F5E-0B5A-46B3-BEA7-3D727AF64D05}.Release|Any CPU.Build.0 = Release|Any CPU
		{94C7CE0D-487C-4757-A1F3-708584357E8B}.Debug|Any CPU.ActiveCfg = Debug|Any CPU
		{94C7CE0D-487C-4757-A1F3-708584357E8B}.Debug|Any CPU.Build.0 = Debug|Any CPU
		{94C7CE0D-487C-4757-A1F3-708584357E8B}.Release|Any CPU.ActiveCfg = Release|Any CPU
		{94C7CE0D-487C-4757-A1F3-708584357E8B}.Release|Any CPU.Build.0 = Release|Any CPU
		{C93C64B3-E034-44BB-9A29-014C81B8EADC}.Debug|Any CPU.ActiveCfg = Debug|Any CPU
		{C93C64B3-E034-44BB-9A29-014C81B8EADC}.Debug|Any CPU.Build.0 = Debug|Any CPU
		{C93C64B3-E034-44BB-9A29-014C81B8EADC}.Release|Any CPU.ActiveCfg = Release|Any CPU
		{C93C64B3-E034-44BB-9A29-014C81B8EADC}.Release|Any CPU.Build.0 = Release|Any CPU
		{05EE5336-1267-4312-B300-289261D6DA68}.Debug|Any CPU.ActiveCfg = Debug|Any CPU
		{05EE5336-1267-4312-B300-289261D6DA68}.Debug|Any CPU.Build.0 = Debug|Any CPU
		{05EE5336-1267-4312-B300-289261D6DA68}.Release|Any CPU.ActiveCfg = Release|Any CPU
		{05EE5336-1267-4312-B300-289261D6DA68}.Release|Any CPU.Build.0 = Release|Any CPU
		{1623D2FB-9F1B-4BEC-9847-924CD8B823E9}.Debug|Any CPU.ActiveCfg = Debug|Any CPU
		{1623D2FB-9F1B-4BEC-9847-924CD8B823E9}.Debug|Any CPU.Build.0 = Debug|Any CPU
		{1623D2FB-9F1B-4BEC-9847-924CD8B823E9}.Release|Any CPU.ActiveCfg = Release|Any CPU
		{1623D2FB-9F1B-4BEC-9847-924CD8B823E9}.Release|Any CPU.Build.0 = Release|Any CPU
		{3DA4319E-07EE-4D30-BD00-423DC81A3454}.Debug|Any CPU.ActiveCfg = Debug|Any CPU
		{3DA4319E-07EE-4D30-BD00-423DC81A3454}.Debug|Any CPU.Build.0 = Debug|Any CPU
		{3DA4319E-07EE-4D30-BD00-423DC81A3454}.Release|Any CPU.ActiveCfg = Release|Any CPU
		{3DA4319E-07EE-4D30-BD00-423DC81A3454}.Release|Any CPU.Build.0 = Release|Any CPU
		{94BB3947-7FAB-4900-BD41-26021DDF1BA8}.Debug|Any CPU.ActiveCfg = Debug|Any CPU
		{94BB3947-7FAB-4900-BD41-26021DDF1BA8}.Debug|Any CPU.Build.0 = Debug|Any CPU
		{94BB3947-7FAB-4900-BD41-26021DDF1BA8}.Release|Any CPU.ActiveCfg = Release|Any CPU
		{94BB3947-7FAB-4900-BD41-26021DDF1BA8}.Release|Any CPU.Build.0 = Release|Any CPU
		{22CD1F21-051D-4665-BEE4-39156A9CA9D8}.Debug|Any CPU.ActiveCfg = Debug|Any CPU
		{22CD1F21-051D-4665-BEE4-39156A9CA9D8}.Debug|Any CPU.Build.0 = Debug|Any CPU
		{22CD1F21-051D-4665-BEE4-39156A9CA9D8}.Release|Any CPU.ActiveCfg = Release|Any CPU
		{22CD1F21-051D-4665-BEE4-39156A9CA9D8}.Release|Any CPU.Build.0 = Release|Any CPU
		{FD17D97A-FA52-4B54-8A12-7025C4B46C02}.Debug|Any CPU.ActiveCfg = Debug|Any CPU
		{FD17D97A-FA52-4B54-8A12-7025C4B46C02}.Debug|Any CPU.Build.0 = Debug|Any CPU
		{FD17D97A-FA52-4B54-8A12-7025C4B46C02}.Release|Any CPU.ActiveCfg = Release|Any CPU
		{FD17D97A-FA52-4B54-8A12-7025C4B46C02}.Release|Any CPU.Build.0 = Release|Any CPU
		{EE640455-31D4-4DAB-B22A-FD0198942821}.Debug|Any CPU.ActiveCfg = Debug|Any CPU
		{EE640455-31D4-4DAB-B22A-FD0198942821}.Debug|Any CPU.Build.0 = Debug|Any CPU
		{EE640455-31D4-4DAB-B22A-FD0198942821}.Release|Any CPU.ActiveCfg = Release|Any CPU
		{EE640455-31D4-4DAB-B22A-FD0198942821}.Release|Any CPU.Build.0 = Release|Any CPU
	EndGlobalSection
	GlobalSection(SolutionProperties) = preSolution
		HideSolutionNode = FALSE
	EndGlobalSection
	GlobalSection(NestedProjects) = preSolution
		{C93C64B3-E034-44BB-9A29-014C81B8EADC} = {FFB420FA-EA46-4A99-959B-495D5A75C165}
		{05EE5336-1267-4312-B300-289261D6DA68} = {FFB420FA-EA46-4A99-959B-495D5A75C165}
		{1623D2FB-9F1B-4BEC-9847-924CD8B823E9} = {FFB420FA-EA46-4A99-959B-495D5A75C165}
		{3DA4319E-07EE-4D30-BD00-423DC81A3454} = {FFB420FA-EA46-4A99-959B-495D5A75C165}
		{94BB3947-7FAB-4900-BD41-26021DDF1BA8} = {4184516C-B7FA-4286-A667-4A6CD99AE8F8}
		{22CD1F21-051D-4665-BEE4-39156A9CA9D8} = {FFB420FA-EA46-4A99-959B-495D5A75C165}
		{FD17D97A-FA52-4B54-8A12-7025C4B46C02} = {4184516C-B7FA-4286-A667-4A6CD99AE8F8}
		{EE640455-31D4-4DAB-B22A-FD0198942821} = {4184516C-B7FA-4286-A667-4A6CD99AE8F8}
	EndGlobalSection
	GlobalSection(ExtensibilityGlobals) = postSolution
		SolutionGuid = {70A3EEEB-F667-4ECA-B2B5-C675F3637729}
	EndGlobalSection
EndGlobal
